Microsoft Visual Studio Solution File, Format Version 12.00
# Visual Studio 2012
Project("{FAE04EC0-301F-11D3-BF4B-00C04F79EFBC}") = "Gameboy Roguelike", "Gameboy Roguelike.csproj", "{5837C724-22B3-45FC-A071-0D51C510529E}"
EndProject
Global
	GlobalSection(SolutionConfigurationPlatforms) = preSolution
	Debug|Any CPU = Debug|Any CPU
	ExportDebug|Any CPU = ExportDebug|Any CPU
	ExportRelease|Any CPU = ExportRelease|Any CPU
	EndGlobalSection
	GlobalSection(ProjectConfigurationPlatforms) = postSolution
		{5837C724-22B3-45FC-A071-0D51C510529E}.Debug|Any CPU.ActiveCfg = Debug|Any CPU
		{5837C724-22B3-45FC-A071-0D51C510529E}.Debug|Any CPU.Build.0 = Debug|Any CPU
		{5837C724-22B3-45FC-A071-0D51C510529E}.ExportDebug|Any CPU.ActiveCfg = ExportDebug|Any CPU
		{5837C724-22B3-45FC-A071-0D51C510529E}.ExportDebug|Any CPU.Build.0 = ExportDebug|Any CPU
		{5837C724-22B3-45FC-A071-0D51C510529E}.ExportRelease|Any CPU.ActiveCfg = ExportRelease|Any CPU
		{5837C724-22B3-45FC-A071-0D51C510529E}.ExportRelease|Any CPU.Build.0 = ExportRelease|Any CPU
	EndGlobalSection
EndGlobal
